
Microsoft Visual Studio Solution File, Format Version 12.00
Project("{2150E333-8FDC-42A3-9474-1A3956D46DE8}") = "docs", "docs", "{823D2D3C-38FB-4F23-A802-C18DEDABE70F}"
EndProject
Project("{2150E333-8FDC-42A3-9474-1A3956D46DE8}") = "src", "src", "{B11160AF-5E44-45CE-B211-2DD160692875}"
EndProject
Project("{2150E333-8FDC-42A3-9474-1A3956D46DE8}") = "test", "test", "{B20D6A68-1A4F-4AF4-B4BC-E7203FBBA661}"
EndProject
Project("{2150E333-8FDC-42A3-9474-1A3956D46DE8}") = "Contact", "Contact", "{0660E53C-AAD9-4D4F-BAE2-2F2EC3299164}"
EndProject
Project("{2150E333-8FDC-42A3-9474-1A3956D46DE8}") = "Gateway", "Gateway", "{630A1BC7-FCEA-447B-A10F-C12AF0846E27}"
EndProject
Project("{2150E333-8FDC-42A3-9474-1A3956D46DE8}") = "Report", "Report", "{C4562388-2B7B-421C-A233-6124947D0151}"
EndProject
Project("{FAE04EC0-301F-11D3-BF4B-00C04F79EFBC}") = "PhoneBook.Contact.Domain", "PhoneBook.Contact.Domain\PhoneBook.Contact.Domain.csproj", "{8775C888-4481-4AB1-9F38-18F7A41DED68}"
EndProject
Project("{FAE04EC0-301F-11D3-BF4B-00C04F79EFBC}") = "PhoneBook.Contact.Application", "PhoneBook.Contact.Application\PhoneBook.Contact.Application.csproj", "{E310CE9C-D8D0-471B-8316-31D04BCB413E}"
EndProject
Project("{FAE04EC0-301F-11D3-BF4B-00C04F79EFBC}") = "PhoneBook.Contact.Infrastructure", "PhoneBook.Contact.Infrastructure\PhoneBook.Contact.Infrastructure.csproj", "{537CD181-76D7-487D-9952-EAF9DB50EEC0}"
EndProject
Project("{FAE04EC0-301F-11D3-BF4B-00C04F79EFBC}") = "PhoneBook.Contact.Api", "PhoneBook.Contact.Api\PhoneBook.Contact.Api.csproj", "{6778BDF7-E973-4DFF-A48F-A9E0B9C6B928}"
EndProject
Project("{FAE04EC0-301F-11D3-BF4B-00C04F79EFBC}") = "PhoneBook.Report.Domain", "PhoneBook.Report.Domain\PhoneBook.Report.Domain.csproj", "{A5E9CFDD-77D4-4238-9EDD-08A3C6A3AAA2}"
EndProject
Project("{FAE04EC0-301F-11D3-BF4B-00C04F79EFBC}") = "PhoneBook.Report.Application", "PhoneBook.Report.Application\PhoneBook.Report.Application.csproj", "{FDA026BC-A816-4441-81A8-E0D635CADD36}"
EndProject
Project("{FAE04EC0-301F-11D3-BF4B-00C04F79EFBC}") = "PhoneBook.Report.Infrastructure", "PhoneBook.Report.Infrastructure\PhoneBook.Report.Infrastructure.csproj", "{DF88D139-229B-49FF-8769-E07B3D6AB90F}"
EndProject
Project("{FAE04EC0-301F-11D3-BF4B-00C04F79EFBC}") = "PhoneBook.Report.Api", "PhoneBook.Report.Api\PhoneBook.Report.Api.csproj", "{BC10A6C4-EB32-4746-ABF0-36E175ADAF4B}"
EndProject
Project("{FAE04EC0-301F-11D3-BF4B-00C04F79EFBC}") = "PhoneBook.Gateway.Api", "PhoneBook.Gateway.Api\PhoneBook.Gateway.Api.csproj", "{F38E938F-0DAD-4DD7-BE4E-01360C823F15}"
EndProject
Project("{FAE04EC0-301F-11D3-BF4B-00C04F79EFBC}") = "PhoneBook.UnitTest", "PhoneBook.UnitTest\PhoneBook.UnitTest.csproj", "{476CF1C9-DC7D-46D2-AF8C-776C16F9E099}"
EndProject
Global
	GlobalSection(SolutionConfigurationPlatforms) = preSolution
		Debug|Any CPU = Debug|Any CPU
		Release|Any CPU = Release|Any CPU
	EndGlobalSection
	GlobalSection(NestedProjects) = preSolution
		{0660E53C-AAD9-4D4F-BAE2-2F2EC3299164} = {B11160AF-5E44-45CE-B211-2DD160692875}
		{630A1BC7-FCEA-447B-A10F-C12AF0846E27} = {B11160AF-5E44-45CE-B211-2DD160692875}
		{C4562388-2B7B-421C-A233-6124947D0151} = {B11160AF-5E44-45CE-B211-2DD160692875}
		{8775C888-4481-4AB1-9F38-18F7A41DED68} = {0660E53C-AAD9-4D4F-BAE2-2F2EC3299164}
		{E310CE9C-D8D0-471B-8316-31D04BCB413E} = {0660E53C-AAD9-4D4F-BAE2-2F2EC3299164}
		{537CD181-76D7-487D-9952-EAF9DB50EEC0} = {0660E53C-AAD9-4D4F-BAE2-2F2EC3299164}
		{6778BDF7-E973-4DFF-A48F-A9E0B9C6B928} = {0660E53C-AAD9-4D4F-BAE2-2F2EC3299164}
		{A5E9CFDD-77D4-4238-9EDD-08A3C6A3AAA2} = {C4562388-2B7B-421C-A233-6124947D0151}
		{FDA026BC-A816-4441-81A8-E0D635CADD36} = {C4562388-2B7B-421C-A233-6124947D0151}
		{DF88D139-229B-49FF-8769-E07B3D6AB90F} = {C4562388-2B7B-421C-A233-6124947D0151}
		{BC10A6C4-EB32-4746-ABF0-36E175ADAF4B} = {C4562388-2B7B-421C-A233-6124947D0151}
		{F38E938F-0DAD-4DD7-BE4E-01360C823F15} = {630A1BC7-FCEA-447B-A10F-C12AF0846E27}
		{476CF1C9-DC7D-46D2-AF8C-776C16F9E099} = {B20D6A68-1A4F-4AF4-B4BC-E7203FBBA661}
	EndGlobalSection
	GlobalSection(ProjectConfigurationPlatforms) = postSolution
		{8775C888-4481-4AB1-9F38-18F7A41DED68}.Debug|Any CPU.ActiveCfg = Debug|Any CPU
		{8775C888-4481-4AB1-9F38-18F7A41DED68}.Debug|Any CPU.Build.0 = Debug|Any CPU
		{8775C888-4481-4AB1-9F38-18F7A41DED68}.Release|Any CPU.ActiveCfg = Release|Any CPU
		{8775C888-4481-4AB1-9F38-18F7A41DED68}.Release|Any CPU.Build.0 = Release|Any CPU
		{E310CE9C-D8D0-471B-8316-31D04BCB413E}.Debug|Any CPU.ActiveCfg = Debug|Any CPU
		{E310CE9C-D8D0-471B-8316-31D04BCB413E}.Debug|Any CPU.Build.0 = Debug|Any CPU
		{E310CE9C-D8D0-471B-8316-31D04BCB413E}.Release|Any CPU.ActiveCfg = Release|Any CPU
		{E310CE9C-D8D0-471B-8316-31D04BCB413E}.Release|Any CPU.Build.0 = Release|Any CPU
		{537CD181-76D7-487D-9952-EAF9DB50EEC0}.Debug|Any CPU.ActiveCfg = Debug|Any CPU
		{537CD181-76D7-487D-9952-EAF9DB50EEC0}.Debug|Any CPU.Build.0 = Debug|Any CPU
		{537CD181-76D7-487D-9952-EAF9DB50EEC0}.Release|Any CPU.ActiveCfg = Release|Any CPU
		{537CD181-76D7-487D-9952-EAF9DB50EEC0}.Release|Any CPU.Build.0 = Release|Any CPU
		{6778BDF7-E973-4DFF-A48F-A9E0B9C6B928}.Debug|Any CPU.ActiveCfg = Debug|Any CPU
		{6778BDF7-E973-4DFF-A48F-A9E0B9C6B928}.Debug|Any CPU.Build.0 = Debug|Any CPU
		{6778BDF7-E973-4DFF-A48F-A9E0B9C6B928}.Release|Any CPU.ActiveCfg = Release|Any CPU
		{6778BDF7-E973-4DFF-A48F-A9E0B9C6B928}.Release|Any CPU.Build.0 = Release|Any CPU
		{A5E9CFDD-77D4-4238-9EDD-08A3C6A3AAA2}.Debug|Any CPU.ActiveCfg = Debug|Any CPU
		{A5E9CFDD-77D4-4238-9EDD-08A3C6A3AAA2}.Debug|Any CPU.Build.0 = Debug|Any CPU
		{A5E9CFDD-77D4-4238-9EDD-08A3C6A3AAA2}.Release|Any CPU.ActiveCfg = Release|Any CPU
		{A5E9CFDD-77D4-4238-9EDD-08A3C6A3AAA2}.Release|Any CPU.Build.0 = Release|Any CPU
		{FDA026BC-A816-4441-81A8-E0D635CADD36}.Debug|Any CPU.ActiveCfg = Debug|Any CPU
		{FDA026BC-A816-4441-81A8-E0D635CADD36}.Debug|Any CPU.Build.0 = Debug|Any CPU
		{FDA026BC-A816-4441-81A8-E0D635CADD36}.Release|Any CPU.ActiveCfg = Release|Any CPU
		{FDA026BC-A816-4441-81A8-E0D635CADD36}.Release|Any CPU.Build.0 = Release|Any CPU
		{DF88D139-229B-49FF-8769-E07B3D6AB90F}.Debug|Any CPU.ActiveCfg = Debug|Any CPU
		{DF88D139-229B-49FF-8769-E07B3D6AB90F}.Debug|Any CPU.Build.0 = Debug|Any CPU
		{DF88D139-229B-49FF-8769-E07B3D6AB90F}.Release|Any CPU.ActiveCfg = Release|Any CPU
		{DF88D139-229B-49FF-8769-E07B3D6AB90F}.Release|Any CPU.Build.0 = Release|Any CPU
		{BC10A6C4-EB32-4746-ABF0-36E175ADAF4B}.Debug|Any CPU.ActiveCfg = Debug|Any CPU
		{BC10A6C4-EB32-4746-ABF0-36E175ADAF4B}.Debug|Any CPU.Build.0 = Debug|Any CPU
		{BC10A6C4-EB32-4746-ABF0-36E175ADAF4B}.Release|Any CPU.ActiveCfg = Release|Any CPU
		{BC10A6C4-EB32-4746-ABF0-36E175ADAF4B}.Release|Any CPU.Build.0 = Release|Any CPU
		{F38E938F-0DAD-4DD7-BE4E-01360C823F15}.Debug|Any CPU.ActiveCfg = Debug|Any CPU
		{F38E938F-0DAD-4DD7-BE4E-01360C823F15}.Debug|Any CPU.Build.0 = Debug|Any CPU
		{F38E938F-0DAD-4DD7-BE4E-01360C823F15}.Release|Any CPU.ActiveCfg = Release|Any CPU
		{F38E938F-0DAD-4DD7-BE4E-01360C823F15}.Release|Any CPU.Build.0 = Release|Any CPU
		{476CF1C9-DC7D-46D2-AF8C-776C16F9E099}.Debug|Any CPU.ActiveCfg = Debug|Any CPU
		{476CF1C9-DC7D-46D2-AF8C-776C16F9E099}.Debug|Any CPU.Build.0 = Debug|Any CPU
		{476CF1C9-DC7D-46D2-AF8C-776C16F9E099}.Release|Any CPU.ActiveCfg = Release|Any CPU
		{476CF1C9-DC7D-46D2-AF8C-776C16F9E099}.Release|Any CPU.Build.0 = Release|Any CPU
	EndGlobalSection
EndGlobal
